
Microsoft Visual Studio Solution File, Format Version 12.00
# Visual Studio Version 17
VisualStudioVersion = 17.9.34714.143
MinimumVisualStudioVersion = 10.0.40219.1
Project("{FAE04EC0-301F-11D3-BF4B-00C04F79EFBC}") = "SysInventario.EntidadNegocio", "SysInventarioEntidadNegocio\SysInventario.EntidadNegocio.csproj", "{B83AC0B4-64C1-4420-ACAF-EAF195AE8329}"
EndProject
Project("{FAE04EC0-301F-11D3-BF4B-00C04F79EFBC}") = "SysInventario.AccesoADatos", "SysInventario.AccesoADatos\SysInventario.AccesoADatos.csproj", "{BFD549A4-0826-4738-83F9-AA892955E0A0}"
EndProject
Project("{FAE04EC0-301F-11D3-BF4B-00C04F79EFBC}") = "SysInventario.LogicaDeNegocio", "SysInventario.LogicaDeNegocio\SysInventario.LogicaDeNegocio.csproj", "{708DDB61-A82C-4794-8E29-2472E38121D6}"
EndProject
Global
	GlobalSection(SolutionConfigurationPlatforms) = preSolution
		Debug|Any CPU = Debug|Any CPU
		Release|Any CPU = Release|Any CPU
	EndGlobalSection
	GlobalSection(ProjectConfigurationPlatforms) = postSolution
		{B83AC0B4-64C1-4420-ACAF-EAF195AE8329}.Debug|Any CPU.ActiveCfg = Debug|Any CPU
		{B83AC0B4-64C1-4420-ACAF-EAF195AE8329}.Debug|Any CPU.Build.0 = Debug|Any CPU
		{B83AC0B4-64C1-4420-ACAF-EAF195AE8329}.Release|Any CPU.ActiveCfg = Release|Any CPU
		{B83AC0B4-64C1-4420-ACAF-EAF195AE8329}.Release|Any CPU.Build.0 = Release|Any CPU
		{BFD549A4-0826-4738-83F9-AA892955E0A0}.Debug|Any CPU.ActiveCfg = Debug|Any CPU
		{BFD549A4-0826-4738-83F9-AA892955E0A0}.Debug|Any CPU.Build.0 = Debug|Any CPU
		{BFD549A4-0826-4738-83F9-AA892955E0A0}.Release|Any CPU.ActiveCfg = Release|Any CPU
		{BFD549A4-0826-4738-83F9-AA892955E0A0}.Release|Any CPU.Build.0 = Release|Any CPU
		{708DDB61-A82C-4794-8E29-2472E38121D6}.Debug|Any CPU.ActiveCfg = Debug|Any CPU
		{708DDB61-A82C-4794-8E29-2472E38121D6}.Debug|Any CPU.Build.0 = Debug|Any CPU
		{708DDB61-A82C-4794-8E29-2472E38121D6}.Release|Any CPU.ActiveCfg = Release|Any CPU
		{708DDB61-A82C-4794-8E29-2472E38121D6}.Release|Any CPU.Build.0 = Release|Any CPU
	EndGlobalSection
	GlobalSection(SolutionProperties) = preSolution
		HideSolutionNode = FALSE
	EndGlobalSection
	GlobalSection(ExtensibilityGlobals) = postSolution
		SolutionGuid = {27D40A6A-A385-47D1-B1BF-750224D902E8}
	EndGlobalSection
EndGlobal
